
Microsoft Visual Studio Solution File, Format Version 11.00
# Visual Studio 2010
Project("{FAE04EC0-301F-11D3-BF4B-00C04F79EFBC}") = "Assembly-CSharp", "Assembly-CSharp.csproj", "{BD2DECE3-136A-AFE9-A583-09966E6E2DC5}"
EndProject
Project("{FAE04EC0-301F-11D3-BF4B-00C04F79EFBC}") = "Assembly-CSharp-firstpass", "Assembly-CSharp-firstpass.csproj", "{947FAA36-C52D-973D-F0D0-9B55D8CF53DB}"
EndProject
Project("{FAE04EC0-301F-11D3-BF4B-00C04F79EFBC}") = "Assembly-CSharp-Editor", "Assembly-CSharp-Editor.csproj", "{4DCD8E6B-772D-1C66-F8C5-6B22073A809E}"
EndProject
Global
	GlobalSection(SolutionConfigurationPlatforms) = preSolution
		Debug|Any CPU = Debug|Any CPU
		Release|Any CPU = Release|Any CPU
	EndGlobalSection
	GlobalSection(ProjectConfigurationPlatforms) = postSolution
		{BD2DECE3-136A-AFE9-A583-09966E6E2DC5}.Debug|Any CPU.ActiveCfg = Debug|Any CPU
		{BD2DECE3-136A-AFE9-A583-09966E6E2DC5}.Debug|Any CPU.Build.0 = Debug|Any CPU
		{BD2DECE3-136A-AFE9-A583-09966E6E2DC5}.Release|Any CPU.ActiveCfg = Release|Any CPU
		{BD2DECE3-136A-AFE9-A583-09966E6E2DC5}.Release|Any CPU.Build.0 = Release|Any CPU
		{947FAA36-C52D-973D-F0D0-9B55D8CF53DB}.Debug|Any CPU.ActiveCfg = Debug|Any CPU
		{947FAA36-C52D-973D-F0D0-9B55D8CF53DB}.Debug|Any CPU.Build.0 = Debug|Any CPU
		{947FAA36-C52D-973D-F0D0-9B55D8CF53DB}.Release|Any CPU.ActiveCfg = Release|Any CPU
		{947FAA36-C52D-973D-F0D0-9B55D8CF53DB}.Release|Any CPU.Build.0 = Release|Any CPU
		{4DCD8E6B-772D-1C66-F8C5-6B22073A809E}.Debug|Any CPU.ActiveCfg = Debug|Any CPU
		{4DCD8E6B-772D-1C66-F8C5-6B22073A809E}.Debug|Any CPU.Build.0 = Debug|Any CPU
		{4DCD8E6B-772D-1C66-F8C5-6B22073A809E}.Release|Any CPU.ActiveCfg = Release|Any CPU
		{4DCD8E6B-772D-1C66-F8C5-6B22073A809E}.Release|Any CPU.Build.0 = Release|Any CPU
	EndGlobalSection
	GlobalSection(SolutionProperties) = preSolution
		HideSolutionNode = FALSE
	EndGlobalSection
EndGlobal
